// !$*UTF8*$!
{
	archiveVersion = 1;
	classes = {
	};
	objectVersion = 77;
	objects = {

/* Begin PBXBuildFile section */
		7841E940301F479C00C3173A /* DiagramCompilation in Frameworks */ = {isa = PBXBuildFile; productRef = 7841E93F301F479C00C3173A /* DiagramCompilation */; };
		7841E942301F479C00C3173A /* DiagramConversion in Frameworks */ = {isa = PBXBuildFile; productRef = 7841E941301F479C00C3173A /* DiagramConversion */; };
		7841E944301F479C00C3173A /* DiagramModel in Frameworks */ = {isa = PBXBuildFile; productRef = 7841E943301F479C00C3173A /* DiagramModel */; };
/* End PBXBuildFile section */

/* Begin PBXContainerItemProxy section */
		7841E96A3024ACD600C3173A /* PBXContainerItemProxy */ = {
			isa = PBXContainerItemProxy;
			containerPortal = 7841E922301F46CE00C3173A /* Project object */;
			proxyType = 1;
			remoteGlobalIDString = 7841E929301F46CE00C3173A;
			remoteInfo = FeynmanSketchMac;
		};
/* End PBXContainerItemProxy section */

/* Begin PBXFileReference section */
		7841E92A301F46CE00C3173A /* FeynmanSketchMac.app */ = {isa = PBXFileReference; explicitFileType = wrapper.application; includeInIndex = 0; path = FeynmanSketchMac.app; sourceTree = BUILT_PRODUCTS_DIR; };
		7841E9633024AA2F00C3173A /* FeynmanSketchMacTests.xctest */ = {isa = PBXFileReference; explicitFileType = wrapper.cfbundle; includeInIndex = 0; path = FeynmanSketchMacTests.xctest; sourceTree = BUILT_PRODUCTS_DIR; };
/* End PBXFileReference section */

/* Begin PBXFileSystemSynchronizedRootGroup section */
		7841E92C301F46CE00C3173A /* FeynmanSketchMac */ = {
			isa = PBXFileSystemSynchronizedRootGroup;
			path = FeynmanSketchMac;
			sourceTree = "<group>";
		};
		7841E9643024AA2F00C3173A /* FeynmanSketchMacTests */ = {
			isa = PBXFileSystemSynchronizedRootGroup;
			path = FeynmanSketchMacTests;
			sourceTree = "<group>";
		};
/* End PBXFileSystemSynchronizedRootGroup section */

/* Begin PBXFrameworksBuildPhase section */
		7841E927301F46CE00C3173A /* Frameworks */ = {
			isa = PBXFrameworksBuildPhase;
			buildActionMask = 2147483647;
			files = (
				7841E942301F479C00C3173A /* DiagramConversion in Frameworks */,
				7841E940301F479C00C3173A /* DiagramCompilation in Frameworks */,
				7841E944301F479C00C3173A /* DiagramModel in Frameworks */,
			);
			runOnlyForDeploymentPostprocessing = 0;
		};
		7841E9603024AA2F00C3173A /* Frameworks */ = {
			isa = PBXFrameworksBuildPhase;
			buildActionMask = 2147483647;
			files = (
			);
			runOnlyForDeploymentPostprocessing = 0;
		};
/* End PBXFrameworksBuildPhase section */

/* Begin PBXGroup section */
		7841E921301F46CE00C3173A = {
			isa = PBXGroup;
			children = (
				7841E92C301F46CE00C3173A /* FeynmanSketchMac */,
				7841E9643024AA2F00C3173A /* FeynmanSketchMacTests */,
				7841E96C3024C67C00C3173A /* Frameworks */,
				7841E92B301F46CE00C3173A /* Products */,
			);
			sourceTree = "<group>";
		};
		7841E92B301F46CE00C3173A /* Products */ = {
			isa = PBXGroup;
			children = (
				7841E92A301F46CE00C3173A /* FeynmanSketchMac.app */,
				7841E9633024AA2F00C3173A /* FeynmanSketchMacTests.xctest */,
			);
			name = Products;
			sourceTree = "<group>";
		};
		7841E96C3024C67C00C3173A /* Frameworks */ = {
			isa = PBXGroup;
			children = (
			);
			name = Frameworks;
			sourceTree = "<group>";
		};
/* End PBXGroup section */

/* Begin PBXNativeTarget section */
		7841E929301F46CE00C3173A /* FeynmanSketchMac */ = {
			isa = PBXNativeTarget;
			buildConfigurationList = 7841E935301F46CF00C3173A /* Build configuration list for PBXNativeTarget "FeynmanSketchMac" */;
			buildPhases = (
				7841E926301F46CE00C3173A /* Sources */,
				7841E927301F46CE00C3173A /* Frameworks */,
				7841E928301F46CE00C3173A /* Resources */,
			);
			buildRules = (
			);
			dependencies = (
			);
			fileSystemSynchronizedGroups = (
				7841E92C301F46CE00C3173A /* FeynmanSketchMac */,
			);
			name = FeynmanSketchMac;
			packageProductDependencies = (
				7841E93F301F479C00C3173A /* DiagramCompilation */,
				7841E941301F479C00C3173A /* DiagramConversion */,
				7841E943301F479C00C3173A /* DiagramModel */,
			);
			productName = FeynmanSketchMac;
			productReference = 7841E92A301F46CE00C3173A /* FeynmanSketchMac.app */;
			productType = "com.apple.product-type.application";
		};
		7841E9623024AA2F00C3173A /* FeynmanSketchMacTests */ = {
			isa = PBXNativeTarget;
			buildConfigurationList = 7841E9673024AA2F00C3173A /* Build configuration list for PBXNativeTarget "FeynmanSketchMacTests" */;
			buildPhases = (
				7841E95F3024AA2F00C3173A /* Sources */,
				7841E9603024AA2F00C3173A /* Frameworks */,
				7841E9613024AA2F00C3173A /* Resources */,
			);
			buildRules = (
			);
			dependencies = (
				7841E96B3024ACD600C3173A /* PBXTargetDependency */,
			);
			fileSystemSynchronizedGroups = (
				7841E9643024AA2F00C3173A /* FeynmanSketchMacTests */,
			);
			name = FeynmanSketchMacTests;
			packageProductDependencies = (
			);
			productName = FeynmanSketchMacTests;
			productReference = 7841E9633024AA2F00C3173A /* FeynmanSketchMacTests.xctest */;
			productType = "com.apple.product-type.bundle.unit-test";
		};
/* End PBXNativeTarget section */

/* Begin PBXProject section */
		7841E922301F46CE00C3173A /* Project object */ = {
			isa = PBXProject;
			attributes = {
				BuildIndependentTargetsInParallel = 1;
				LastSwiftUpdateCheck = 2660;
				LastUpgradeCheck = 2660;
				TargetAttributes = {
					7841E929301F46CE00C3173A = {
						CreatedOnToolsVersion = 26.6;
					};
					7841E9623024AA2F00C3173A = {
						CreatedOnToolsVersion = 26.6;
						TestTargetID = 7841E929301F46CE00C3173A;
					};
				};
			};
			buildConfigurationList = 7841E925301F46CE00C3173A /* Build configuration list for PBXProject "FeynmanSketchMac" */;
			developmentRegion = en;
			hasScannedForEncodings = 0;
			knownRegions = (
				en,
				Base,
			);
			mainGroup = 7841E921301F46CE00C3173A;
			minimizedProjectReferenceProxies = 1;
			packageReferences = (
				7841E9733024C71500C3173A /* XCLocalSwiftPackageReference "../Engine" */,
			);
			preferredProjectObjectVersion = 77;
			productRefGroup = 7841E92B301F46CE00C3173A /* Products */;
			projectDirPath = "";
			projectRoot = "";
			targets = (
				7841E929301F46CE00C3173A /* FeynmanSketchMac */,
				7841E9623024AA2F00C3173A /* FeynmanSketchMacTests */,
			);
		};
/* End PBXProject section */

/* Begin PBXResourcesBuildPhase section */
		7841E928301F46CE00C3173A /* Resources */ = {
			isa = PBXResourcesBuildPhase;
			buildActionMask = 2147483647;
			files = (
			);
			runOnlyForDeploymentPostprocessing = 0;
		};
		7841E9613024AA2F00C3173A /* Resources */ = {
			isa = PBXResourcesBuildPhase;
			buildActionMask = 2147483647;
			files = (
			);
			runOnlyForDeploymentPostprocessing = 0;
		};
/* End PBXResourcesBuildPhase section */

/* Begin PBXSourcesBuildPhase section */
		7841E926301F46CE00C3173A /* Sources */ = {
			isa = PBXSourcesBuildPhase;
			buildActionMask = 2147483647;
			files = (
			);
			runOnlyForDeploymentPostprocessing = 0;
		};
		7841E95F3024AA2F00C3173A /* Sources */ = {
			isa = PBXSourcesBuildPhase;
			buildActionMask = 2147483647;
			files = (
			);
			runOnlyForDeploymentPostprocessing = 0;
		};
/* End PBXSourcesBuildPhase section */

/* Begin PBXTargetDependency section */
		7841E96B3024ACD600C3173A /* PBXTargetDependency */ = {
			isa = PBXTargetDependency;
			target = 7841E929301F46CE00C3173A /* FeynmanSketchMac */;
			targetProxy = 7841E96A3024ACD600C3173A /* PBXContainerItemProxy */;
		};
/* End PBXTargetDependency section */

/* Begin XCBuildConfiguration section */
		7841E933301F46CF00C3173A /* Debug */ = {
			isa = XCBuildConfiguration;
			buildSettings = {
				ALWAYS_SEARCH_USER_PATHS = NO;
				ASSETCATALOG_COMPILER_GENERATE_SWIFT_ASSET_SYMBOL_EXTENSIONS = YES;
				CLANG_ANALYZER_NONNULL = YES;
				CLANG_ANALYZER_NUMBER_OBJECT_CONVERSION = YES_AGGRESSIVE;
				CLANG_CXX_LANGUAGE_STANDARD = "gnu++20";
				CLANG_ENABLE_MODULES = YES;
				CLANG_ENABLE_OBJC_ARC = YES;
				CLANG_ENABLE_OBJC_WEAK = YES;
				CLANG_WARN_BLOCK_CAPTURE_AUTORELEASING = YES;
				CLANG_WARN_BOOL_CONVERSION = YES;
				CLANG_WARN_COMMA = YES;
				CLANG_WARN_CONSTANT_CONVERSION = YES;
				CLANG_WARN_DEPRECATED_OBJC_IMPLEMENTATIONS = YES;
				CLANG_WARN_DIRECT_OBJC_ISA_USAGE = YES_ERROR;
				CLANG_WARN_DOCUMENTATION_COMMENTS = YES;
				CLANG_WARN_EMPTY_BODY = YES;
				CLANG_WARN_ENUM_CONVERSION = YES;
				CLANG_WARN_INFINITE_RECURSION = YES;
				CLANG_WARN_INT_CONVERSION = YES;
				CLANG_WARN_NON_LITERAL_NULL_CONVERSION = YES;
				CLANG_WARN_OBJC_IMPLICIT_RETAIN_SELF = YES;
				CLANG_WARN_OBJC_LITERAL_CONVERSION = YES;
				CLANG_WARN_OBJC_ROOT_CLASS = YES_ERROR;
				CLANG_WARN_QUOTED_INCLUDE_IN_FRAMEWORK_HEADER = YES;
				CLANG_WARN_RANGE_LOOP_ANALYSIS = YES;
				CLANG_WARN_STRICT_PROTOTYPES = YES;
				CLANG_WARN_SUSPICIOUS_MOVE = YES;
				CLANG_WARN_UNGUARDED_AVAILABILITY = YES_AGGRESSIVE;
				CLANG_WARN_UNREACHABLE_CODE = YES;
				CLANG_WARN__DUPLICATE_METHOD_MATCH = YES;
				COPY_PHASE_STRIP = NO;
				DEBUG_INFORMATION_FORMAT = dwarf;
				ENABLE_STRICT_OBJC_MSGSEND = YES;
				ENABLE_TESTABILITY = YES;
				ENABLE_USER_SCRIPT_SANDBOXING = YES;
				GCC_C_LANGUAGE_STANDARD = gnu17;
				GCC_DYNAMIC_NO_PIC = NO;
				GCC_NO_COMMON_BLOCKS = YES;
				GCC_OPTIMIZATION_LEVEL = 0;
				GCC_PREPROCESSOR_DEFINITIONS = (
					"DEBUG=1",
					"$(inherited)",
				);
				GCC_WARN_64_TO_32_BIT_CONVERSION = YES;
				GCC_WARN_ABOUT_RETURN_TYPE = YES_ERROR;
				GCC_WARN_UNDECLARED_SELECTOR = YES;
				GCC_WARN_UNINITIALIZED_AUTOS = YES_AGGRESSIVE;
				GCC_WARN_UNUSED_FUNCTION = YES;
				GCC_WARN_UNUSED_VARIABLE = YES;
				LOCALIZATION_PREFERS_STRING_CATALOGS = YES;
				MACOSX_DEPLOYMENT_TARGET = 26.5;
				MTL_ENABLE_DEBUG_INFO = INCLUDE_SOURCE;
				MTL_FAST_MATH = YES;
				ONLY_ACTIVE_ARCH = YES;
				SDKROOT = macosx;
				SWIFT_ACTIVE_COMPILATION_CONDITIONS = "DEBUG $(inherited)";
				SWIFT_OPTIMIZATION_LEVEL = "-Onone";
			};
			name = Debug;
		};
		7841E934301F46CF00C3173A /* Release */ = {
			isa = XCBuildConfiguration;
			buildSettings = {
				ALWAYS_SEARCH_USER_PATHS = NO;
				ASSETCATALOG_COMPILER_GENERATE_SWIFT_ASSET_SYMBOL_EXTENSIONS = YES;
				CLANG_ANALYZER_NONNULL = YES;
				CLANG_ANALYZER_NUMBER_OBJECT_CONVERSION = YES_AGGRESSIVE;
				CLANG_CXX_LANGUAGE_STANDARD = "gnu++20";
				CLANG_ENABLE_MODULES = YES;
				CLANG_ENABLE_OBJC_ARC = YES;
				CLANG_ENABLE_OBJC_WEAK = YES;
				CLANG_WARN_BLOCK_CAPTURE_AUTORELEASING = YES;
				CLANG_WARN_BOOL_CONVERSION = YES;
				CLANG_WARN_COMMA = YES;
				CLANG_WARN_CONSTANT_CONVERSION = YES;
				CLANG_WARN_DEPRECATED_OBJC_IMPLEMENTATIONS = YES;
				CLANG_WARN_DIRECT_OBJC_ISA_USAGE = YES_ERROR;
				CLANG_WARN_DOCUMENTATION_COMMENTS = YES;
				CLANG_WARN_EMPTY_BODY = YES;
				CLANG_WARN_ENUM_CONVERSION = YES;
				CLANG_WARN_INFINITE_RECURSION = YES;
				CLANG_WARN_INT_CONVERSION = YES;
				CLANG_WARN_NON_LITERAL_NULL_CONVERSION = YES;
				CLANG_WARN_OBJC_IMPLICIT_RETAIN_SELF = YES;
				CLANG_WARN_OBJC_LITERAL_CONVERSION = YES;
				CLANG_WARN_OBJC_ROOT_CLASS = YES_ERROR;
				CLANG_WARN_QUOTED_INCLUDE_IN_FRAMEWORK_HEADER = YES;
				CLANG_WARN_RANGE_LOOP_ANALYSIS = YES;
				CLANG_WARN_STRICT_PROTOTYPES = YES;
				CLANG_WARN_SUSPICIOUS_MOVE = YES;
				CLANG_WARN_UNGUARDED_AVAILABILITY = YES_AGGRESSIVE;
				CLANG_WARN_UNREACHABLE_CODE = YES;
				CLANG_WARN__DUPLICATE_METHOD_MATCH = YES;
				COPY_PHASE_STRIP = NO;
				DEBUG_INFORMATION_FORMAT = "dwarf-with-dsym";
				ENABLE_NS_ASSERTIONS = NO;
				ENABLE_STRICT_OBJC_MSGSEND = YES;
				ENABLE_USER_SCRIPT_SANDBOXING = YES;
				GCC_C_LANGUAGE_STANDARD = gnu17;
				GCC_NO_COMMON_BLOCKS = YES;
				GCC_WARN_64_TO_32_BIT_CONVERSION = YES;
				GCC_WARN_ABOUT_RETURN_TYPE = YES_ERROR;
				GCC_WARN_UNDECLARED_SELECTOR = YES;
				GCC_WARN_UNINITIALIZED_AUTOS = YES_AGGRESSIVE;
				GCC_WARN_UNUSED_FUNCTION = YES;
				GCC_WARN_UNUSED_VARIABLE = YES;
				LOCALIZATION_PREFERS_STRING_CATALOGS = YES;
				MACOSX_DEPLOYMENT_TARGET = 26.5;
				MTL_ENABLE_DEBUG_INFO = NO;
				MTL_FAST_MATH = YES;
				SDKROOT = macosx;
				SWIFT_COMPILATION_MODE = wholemodule;
			};
			name = Release;
		};
		7841E936301F46CF00C3173A /* Debug */ = {
			isa = XCBuildConfiguration;
			buildSettings = {
				ASSETCATALOG_COMPILER_APPICON_NAME = AppIcon;
				ASSETCATALOG_COMPILER_GLOBAL_ACCENT_COLOR_NAME = AccentColor;
				ASSETCATALOG_COMPILER_INCLUDE_ALL_APPICON_ASSETS = NO;
				CODE_SIGN_STYLE = Automatic;
				COMBINE_HIDPI_IMAGES = YES;
				CURRENT_PROJECT_VERSION = 1;
				ENABLE_APP_SANDBOX = YES;
				ENABLE_PREVIEWS = YES;
				ENABLE_USER_SELECTED_FILES = readonly;
				GENERATE_INFOPLIST_FILE = YES;
				INFOPLIST_KEY_NSHumanReadableCopyright = "";
				LD_RUNPATH_SEARCH_PATHS = (
					"$(inherited)",
					"@executable_path/../Frameworks",
				);
				MARKETING_VERSION = 1.0;
				PRODUCT_BUNDLE_IDENTIFIER = "ewan-heeder.FeynmanSketchMac";
				PRODUCT_NAME = "$(TARGET_NAME)";
				REGISTER_APP_GROUPS = YES;
				STRING_CATALOG_GENERATE_SYMBOLS = YES;
				SWIFT_APPROACHABLE_CONCURRENCY = YES;
				SWIFT_DEFAULT_ACTOR_ISOLATION = MainActor;
				SWIFT_EMIT_LOC_STRINGS = YES;
				SWIFT_UPCOMING_FEATURE_MEMBER_IMPORT_VISIBILITY = YES;
				SWIFT_VERSION = 5.0;
			};
			name = Debug;
		};
		7841E937301F46CF00C3173A /* Release */ = {
			isa = XCBuildConfiguration;
			buildSettings = {
				ASSETCATALOG_COMPILER_APPICON_NAME = AppIcon;
				ASSETCATALOG_COMPILER_GLOBAL_ACCENT_COLOR_NAME = AccentColor;
				ASSETCATALOG_COMPILER_INCLUDE_ALL_APPICON_ASSETS = NO;
				CODE_SIGN_STYLE = Automatic;
				COMBINE_HIDPI_IMAGES = YES;
				CURRENT_PROJECT_VERSION = 1;
				ENABLE_APP_SANDBOX = YES;
				ENABLE_PREVIEWS = YES;
				ENABLE_USER_SELECTED_FILES = readonly;
				GENERATE_INFOPLIST_FILE = YES;
				INFOPLIST_KEY_NSHumanReadableCopyright = "";
				LD_RUNPATH_SEARCH_PATHS = (
					"$(inherited)",
					"@executable_path/../Frameworks",
				);
				MARKETING_VERSION = 1.0;
				PRODUCT_BUNDLE_IDENTIFIER = "ewan-heeder.FeynmanSketchMac";
				PRODUCT_NAME = "$(TARGET_NAME)";
				REGISTER_APP_GROUPS = YES;
				STRING_CATALOG_GENERATE_SYMBOLS = YES;
				SWIFT_APPROACHABLE_CONCURRENCY = YES;
				SWIFT_DEFAULT_ACTOR_ISOLATION = MainActor;
				SWIFT_EMIT_LOC_STRINGS = YES;
				SWIFT_UPCOMING_FEATURE_MEMBER_IMPORT_VISIBILITY = YES;
				SWIFT_VERSION = 5.0;
			};
			name = Release;
		};
		7841E9683024AA2F00C3173A /* Debug */ = {
			isa = XCBuildConfiguration;
			buildSettings = {
				BUNDLE_LOADER = "$(TEST_HOST)";
				CODE_SIGN_STYLE = Automatic;
				CURRENT_PROJECT_VERSION = 1;
				ENABLE_APP_SANDBOX = YES;
				ENABLE_HARDENED_RUNTIME = YES;
				ENABLE_OUTGOING_NETWORK_CONNECTIONS = YES;
				GENERATE_INFOPLIST_FILE = YES;
				MARKETING_VERSION = 1.0;
				PRODUCT_BUNDLE_IDENTIFIER = "ewan-heeder.FeynmanSketchMacTests";
				PRODUCT_NAME = "$(TARGET_NAME)";
				REGISTER_APP_GROUPS = YES;
				SDKROOT = watchos;
				STRING_CATALOG_GENERATE_SYMBOLS = NO;
				SUPPORTED_PLATFORMS = macosx;
				SUPPORTS_MACCATALYST = NO;
				SWIFT_APPROACHABLE_CONCURRENCY = YES;
				SWIFT_EMIT_LOC_STRINGS = NO;
				SWIFT_UPCOMING_FEATURE_MEMBER_IMPORT_VISIBILITY = YES;
				SWIFT_VERSION = 5.0;
				TEST_HOST = "$(BUILT_PRODUCTS_DIR)/FeynmanSketchMac.app/$(BUNDLE_EXECUTABLE_FOLDER_PATH)/FeynmanSketchMac";
				WATCHOS_DEPLOYMENT_TARGET = 26.5;
			};
			name = Debug;
		};
		7841E9693024AA2F00C3173A /* Release */ = {
			isa = XCBuildConfiguration;
			buildSettings = {
				BUNDLE_LOADER = "$(TEST_HOST)";
				CODE_SIGN_STYLE = Automatic;
				CURRENT_PROJECT_VERSION = 1;
				GENERATE_INFOPLIST_FILE = YES;
				MARKETING_VERSION = 1.0;
				PRODUCT_BUNDLE_IDENTIFIER = "ewan-heeder.FeynmanSketchMacTests";
				PRODUCT_NAME = "$(TARGET_NAME)";
				SDKROOT = watchos;
				STRING_CATALOG_GENERATE_SYMBOLS = NO;
				SUPPORTED_PLATFORMS = macosx;
				SUPPORTS_MACCATALYST = NO;
				SWIFT_APPROACHABLE_CONCURRENCY = YES;
				SWIFT_EMIT_LOC_STRINGS = NO;
				SWIFT_UPCOMING_FEATURE_MEMBER_IMPORT_VISIBILITY = YES;
				SWIFT_VERSION = 5.0;
				TEST_HOST = "$(BUILT_PRODUCTS_DIR)/FeynmanSketchMac.app/$(BUNDLE_EXECUTABLE_FOLDER_PATH)/FeynmanSketchMac";
				VALIDATE_PRODUCT = YES;
				WATCHOS_DEPLOYMENT_TARGET = 26.5;
			};
			name = Release;
		};
/* End XCBuildConfiguration section */

/* Begin XCConfigurationList section */
		7841E925301F46CE00C3173A /* Build configuration list for PBXProject "FeynmanSketchMac" */ = {
			isa = XCConfigurationList;
			buildConfigurations = (
				7841E933301F46CF00C3173A /* Debug */,
				7841E934301F46CF00C3173A /* Release */,
			);
			defaultConfigurationIsVisible = 0;
			defaultConfigurationName = Release;
		};
		7841E935301F46CF00C3173A /* Build configuration list for PBXNativeTarget "FeynmanSketchMac" */ = {
			isa = XCConfigurationList;
			buildConfigurations = (
				7841E936301F46CF00C3173A /* Debug */,
				7841E937301F46CF00C3173A /* Release */,
			);
			defaultConfigurationIsVisible = 0;
			defaultConfigurationName = Release;
		};
		7841E9673024AA2F00C3173A /* Build configuration list for PBXNativeTarget "FeynmanSketchMacTests" */ = {
			isa = XCConfigurationList;
			buildConfigurations = (
				7841E9683024AA2F00C3173A /* Debug */,
				7841E9693024AA2F00C3173A /* Release */,
			);
			defaultConfigurationIsVisible = 0;
			defaultConfigurationName = Release;
		};
/* End XCConfigurationList section */

/* Begin XCLocalSwiftPackageReference section */
		7841E9733024C71500C3173A /* XCLocalSwiftPackageReference "../Engine" */ = {
			isa = XCLocalSwiftPackageReference;
			relativePath = ../Engine;
		};
/* End XCLocalSwiftPackageReference section */

/* Begin XCSwiftPackageProductDependency section */
		7841E93F301F479C00C3173A /* DiagramCompilation */ = {
			isa = XCSwiftPackageProductDependency;
			productName = DiagramCompilation;
		};
		7841E941301F479C00C3173A /* DiagramConversion */ = {
			isa = XCSwiftPackageProductDependency;
			productName = DiagramConversion;
		};
		7841E943301F479C00C3173A /* DiagramModel */ = {
			isa = XCSwiftPackageProductDependency;
			productName = DiagramModel;
		};
/* End XCSwiftPackageProductDependency section */
	};
	rootObject = 7841E922301F46CE00C3173A /* Project object */;
}
